// !$*UTF8*$!
{
	archiveVersion = 1;
	classes = {
	};
	objectVersion = 46;
	objects = {

/* Begin PBXBuildFile section */
		1B83FA071AC2748E002AB67B /* beep-07.wav in Resources */ = {isa = PBXBuildFile; fileRef = 1B83FA061AC2748E002AB67B /* beep-07.wav */; };
		1B83FA091AC2775A002AB67B /* beep-07-low-tempo.wav in Resources */ = {isa = PBXBuildFile; fileRef = 1B83FA081AC2775A002AB67B /* beep-07-low-tempo.wav */; };
		1BDA4D2C1AC262FF00CD7DE4 /* AppDelegate.swift in Sources */ = {isa = PBXBuildFile; fileRef = 1BDA4D2B1AC262FF00CD7DE4 /* AppDelegate.swift */; };
		1BDA4D2E1AC262FF00CD7DE4 /* ViewController.swift in Sources */ = {isa = PBXBuildFile; fileRef = 1BDA4D2D1AC262FF00CD7DE4 /* ViewController.swift */; };
		1BDA4D311AC262FF00CD7DE4 /* Main.storyboard in Resources */ = {isa = PBXBuildFile; fileRef = 1BDA4D2F1AC262FF00CD7DE4 /* Main.storyboard */; };
		1BDA4D331AC262FF00CD7DE4 /* Images.xcassets in Resources */ = {isa = PBXBuildFile; fileRef = 1BDA4D321AC262FF00CD7DE4 /* Images.xcassets */; };
		1BDA4D361AC262FF00CD7DE4 /* LaunchScreen.xib in Resources */ = {isa = PBXBuildFile; fileRef = 1BDA4D341AC262FF00CD7DE4 /* LaunchScreen.xib */; };
		1BDA4D421AC262FF00CD7DE4 /* iBeacon_Test_CLLTests.swift in Sources */ = {isa = PBXBuildFile; fileRef = 1BDA4D411AC262FF00CD7DE4 /* iBeacon_Test_CLLTests.swift */; };
/* End PBXBuildFile section */

/* Begin PBXContainerItemProxy section */
		1BDA4D3C1AC262FF00CD7DE4 /* PBXContainerItemProxy */ = {
			isa = PBXContainerItemProxy;
			containerPortal = 1BDA4D1E1AC262FF00CD7DE4 /* Project object */;
			proxyType = 1;
			remoteGlobalIDString = 1BDA4D251AC262FF00CD7DE4;
			remoteInfo = "iBeacon-Test-CLL";
		};
/* End PBXContainerItemProxy section */

/* Begin PBXFileReference section */
		1B83FA061AC2748E002AB67B /* beep-07.wav */ = {isa = PBXFileReference; lastKnownFileType = audio.wav; path = "beep-07.wav"; sourceTree = "<group>"; };
		1B83FA081AC2775A002AB67B /* beep-07-low-tempo.wav */ = {isa = PBXFileReference; lastKnownFileType = audio.wav; path = "beep-07-low-tempo.wav"; sourceTree = "<group>"; };
		1BDA4D261AC262FF00CD7DE4 /* iBeacon-Test-CLL.app */ = {isa = PBXFileReference; explicitFileType = wrapper.application; includeInIndex = 0; path = "iBeacon-Test-CLL.app"; sourceTree = BUILT_PRODUCTS_DIR; };
		1BDA4D2A1AC262FF00CD7DE4 /* Info.plist */ = {isa = PBXFileReference; lastKnownFileType = text.plist.xml; path = Info.plist; sourceTree = "<group>"; };
		1BDA4D2B1AC262FF00CD7DE4 /* AppDelegate.swift */ = {isa = PBXFileReference; lastKnownFileType = sourcecode.swift; path = AppDelegate.swift; sourceTree = "<group>"; };
		1BDA4D2D1AC262FF00CD7DE4 /* ViewController.swift */ = {isa = PBXFileReference; lastKnownFileType = sourcecode.swift; path = ViewController.swift; sourceTree = "<group>"; };
		1BDA4D301AC262FF00CD7DE4 /* Base */ = {isa = PBXFileReference; lastKnownFileType = file.storyboard; name = Base; path = Base.lproj/Main.storyboard; sourceTree = "<group>"; };
		1BDA4D321AC262FF00CD7DE4 /* Images.xcassets */ = {isa = PBXFileReference; lastKnownFileType = folder.assetcatalog; path = Images.xcassets; sourceTree = "<group>"; };
		1BDA4D351AC262FF00CD7DE4 /* Base */ = {isa = PBXFileReference; lastKnownFileType = file.xib; name = Base; path = Base.lproj/LaunchScreen.xib; sourceTree = "<group>"; };
		1BDA4D3B1AC262FF00CD7DE4 /* iBeacon-Test-CLLTests.xctest */ = {isa = PBXFileReference; explicitFileType = wrapper.cfbundle; includeInIndex = 0; path = "iBeacon-Test-CLLTests.xctest"; sourceTree = BUILT_PRODUCTS_DIR; };
		1BDA4D401AC262FF00CD7DE4 /* Info.plist */ = {isa = PBXFileReference; lastKnownFileType = text.plist.xml; path = Info.plist; sourceTree = "<group>"; };
		1BDA4D411AC262FF00CD7DE4 /* iBeacon_Test_CLLTests.swift */ = {isa = PBXFileReference; lastKnownFileType = sourcecode.swift; path = iBeacon_Test_CLLTests.swift; sourceTree = "<group>"; };
/* End PBXFileReference section */

/* Begin PBXFrameworksBuildPhase section */
		1BDA4D231AC262FF00CD7DE4 /* Frameworks */ = {
			isa = PBXFrameworksBuildPhase;
			buildActionMask = 2147483647;
			files = (
			);
			runOnlyForDeploymentPostprocessing = 0;
		};
		1BDA4D381AC262FF00CD7DE4 /* Frameworks */ = {
			isa = PBXFrameworksBuildPhase;
			buildActionMask = 2147483647;
			files = (
			);
			runOnlyForDeploymentPostprocessing = 0;
		};
/* End PBXFrameworksBuildPhase section */

/* Begin PBXGroup section */
		1BDA4D1D1AC262FF00CD7DE4 = {
			isa = PBXGroup;
			children = (
				1B83FA081AC2775A002AB67B /* beep-07-low-tempo.wav */,
				1B83FA061AC2748E002AB67B /* beep-07.wav */,
				1BDA4D281AC262FF00CD7DE4 /* iBeacon-Test-CLL */,
				1BDA4D3E1AC262FF00CD7DE4 /* iBeacon-Test-CLLTests */,
				1BDA4D271AC262FF00CD7DE4 /* Products */,
			);
			sourceTree = "<group>";
		};
		1BDA4D271AC262FF00CD7DE4 /* Products */ = {
			isa = PBXGroup;
			children = (
				1BDA4D261AC262FF00CD7DE4 /* iBeacon-Test-CLL.app */,
				1BDA4D3B1AC262FF00CD7DE4 /* iBeacon-Test-CLLTests.xctest */,
			);
			name = Products;
			sourceTree = "<group>";
		};
		1BDA4D281AC262FF00CD7DE4 /* iBeacon-Test-CLL */ = {
			isa = PBXGroup;
			children = (
				1BDA4D2B1AC262FF00CD7DE4 /* AppDelegate.swift */,
				1BDA4D2D1AC262FF00CD7DE4 /* ViewController.swift */,
				1BDA4D2F1AC262FF00CD7DE4 /* Main.storyboard */,
				1BDA4D321AC262FF00CD7DE4 /* Images.xcassets */,
				1BDA4D341AC262FF00CD7DE4 /* LaunchScreen.xib */,
				1BDA4D291AC262FF00CD7DE4 /* Supporting Files */,
			);
			path = "iBeacon-Test-CLL";
			sourceTree = "<group>";
		};
		1BDA4D291AC262FF00CD7DE4 /* Supporting Files */ = {
			isa = PBXGroup;
			children = (
				1BDA4D2A1AC262FF00CD7DE4 /* Info.plist */,
			);
			name = "Supporting Files";
			sourceTree = "<group>";
		};
		1BDA4D3E1AC262FF00CD7DE4 /* iBeacon-Test-CLLTests */ = {
			isa = PBXGroup;
			children = (
				1BDA4D411AC262FF00CD7DE4 /* iBeacon_Test_CLLTests.swift */,
				1BDA4D3F1AC262FF00CD7DE4 /* Supporting Files */,
			);
			path = "iBeacon-Test-CLLTests";
			sourceTree = "<group>";
		};
		1BDA4D3F1AC262FF00CD7DE4 /* Supporting Files */ = {
			isa = PBXGroup;
			children = (
				1BDA4D401AC262FF00CD7DE4 /* Info.plist */,
			);
			name = "Supporting Files";
			sourceTree = "<group>";
		};
/* End PBXGroup section */

/* Begin PBXNativeTarget section */
		1BDA4D251AC262FF00CD7DE4 /* iBeacon-Test-CLL */ = {
			isa = PBXNativeTarget;
			buildConfigurationList = 1BDA4D451AC262FF00CD7DE4 /* Build configuration list for PBXNativeTarget "iBeacon-Test-CLL" */;
			buildPhases = (
				1BDA4D221AC262FF00CD7DE4 /* Sources */,
				1BDA4D231AC262FF00CD7DE4 /* Frameworks */,
				1BDA4D241AC262FF00CD7DE4 /* Resources */,
			);
			buildRules = (
			);
			dependencies = (
			);
			name = "iBeacon-Test-CLL";
			productName = "iBeacon-Test-CLL";
			productReference = 1BDA4D261AC262FF00CD7DE4 /* iBeacon-Test-CLL.app */;
			productType = "com.apple.product-type.application";
		};
		1BDA4D3A1AC262FF00CD7DE4 /* iBeacon-Test-CLLTests */ = {
			isa = PBXNativeTarget;
			buildConfigurationList = 1BDA4D481AC262FF00CD7DE4 /* Build configuration list for PBXNativeTarget "iBeacon-Test-CLLTests" */;
			buildPhases = (
				1BDA4D371AC262FF00CD7DE4 /* Sources */,
				1BDA4D381AC262FF00CD7DE4 /* Frameworks */,
				1BDA4D391AC262FF00CD7DE4 /* Resources */,
			);
			buildRules = (
			);
			dependencies = (
				1BDA4D3D1AC262FF00CD7DE4 /* PBXTargetDependency */,
			);
			name = "iBeacon-Test-CLLTests";
			productName = "iBeacon-Test-CLLTests";
			productReference = 1BDA4D3B1AC262FF00CD7DE4 /* iBeacon-Test-CLLTests.xctest */;
			productType = "com.apple.product-type.bundle.unit-test";
		};
/* End PBXNativeTarget section */

/* Begin PBXProject section */
		1BDA4D1E1AC262FF00CD7DE4 /* Project object */ = {
			isa = PBXProject;
			attributes = {
				LastUpgradeCheck = 0620;
				ORGANIZATIONNAME = "Sagar Poudel";
				TargetAttributes = {
					1BDA4D251AC262FF00CD7DE4 = {
						CreatedOnToolsVersion = 6.2;
					};
					1BDA4D3A1AC262FF00CD7DE4 = {
						CreatedOnToolsVersion = 6.2;
						TestTargetID = 1BDA4D251AC262FF00CD7DE4;
					};
				};
			};
			buildConfigurationList = 1BDA4D211AC262FF00CD7DE4 /* Build configuration list for PBXProject "iBeacon-Test-CLL" */;
			compatibilityVersion = "Xcode 3.2";
			developmentRegion = English;
			hasScannedForEncodings = 0;
			knownRegions = (
				en,
				Base,
			);
			mainGroup = 1BDA4D1D1AC262FF00CD7DE4;
			productRefGroup = 1BDA4D271AC262FF00CD7DE4 /* Products */;
			projectDirPath = "";
			projectRoot = "";
			targets = (
				1BDA4D251AC262FF00CD7DE4 /* iBeacon-Test-CLL */,
				1BDA4D3A1AC262FF00CD7DE4 /* iBeacon-Test-CLLTests */,
			);
		};
/* End PBXProject section */

/* Begin PBXResourcesBuildPhase section */
		1BDA4D241AC262FF00CD7DE4 /* Resources */ = {
			isa = PBXResourcesBuildPhase;
			buildActionMask = 2147483647;
			files = (
				1BDA4D311AC262FF00CD7DE4 /* Main.storyboard in Resources */,
				1BDA4D361AC262FF00CD7DE4 /* LaunchScreen.xib in Resources */,
				1BDA4D331AC262FF00CD7DE4 /* Images.xcassets in Resources */,
				1B83FA071AC2748E002AB67B /* beep-07.wav in Resources */,
				1B83FA091AC2775A002AB67B /* beep-07-low-tempo.wav in Resources */,
			);
			runOnlyForDeploymentPostprocessing = 0;
		};
		1BDA4D391AC262FF00CD7DE4 /* Resources */ = {
			isa = PBXResourcesBuildPhase;
			buildActionMask = 2147483647;
			files = (
			);
			runOnlyForDeploymentPostprocessing = 0;
		};
/* End PBXResourcesBuildPhase section */

/* Begin PBXSourcesBuildPhase section */
		1BDA4D221AC262FF00CD7DE4 /* Sources */ = {
			isa = PBXSourcesBuildPhase;
			buildActionMask = 2147483647;
			files = (
				1BDA4D2E1AC262FF00CD7DE4 /* ViewController.swift in Sources */,
				1BDA4D2C1AC262FF00CD7DE4 /* AppDelegate.swift in Sources */,
			);
			runOnlyForDeploymentPostprocessing = 0;
		};
		1BDA4D371AC262FF00CD7DE4 /* Sources */ = {
			isa = PBXSourcesBuildPhase;
			buildActionMask = 2147483647;
			files = (
				1BDA4D421AC262FF00CD7DE4 /* iBeacon_Test_CLLTests.swift in Sources */,
			);
			runOnlyForDeploymentPostprocessing = 0;
		};
/* End PBXSourcesBuildPhase section */

/* Begin PBXTargetDependency section */
		1BDA4D3D1AC262FF00CD7DE4 /* PBXTargetDependency */ = {
			isa = PBXTargetDependency;
			target = 1BDA4D251AC262FF00CD7DE4 /* iBeacon-Test-CLL */;
			targetProxy = 1BDA4D3C1AC262FF00CD7DE4 /* PBXContainerItemProxy */;
		};
/* End PBXTargetDependency section */

/* Begin PBXVariantGroup section */
		1BDA4D2F1AC262FF00CD7DE4 /* Main.storyboard */ = {
			isa = PBXVariantGroup;
			children = (
				1BDA4D301AC262FF00CD7DE4 /* Base */,
			);
			name = Main.storyboard;
			sourceTree = "<group>";
		};
		1BDA4D341AC262FF00CD7DE4 /* LaunchScreen.xib */ = {
			isa = PBXVariantGroup;
			children = (
				1BDA4D351AC262FF00CD7DE4 /* Base */,
			);
			name = LaunchScreen.xib;
			sourceTree = "<group>";
		};
/* End PBXVariantGroup section */

/* Begin XCBuildConfiguration section */
		1BDA4D431AC262FF00CD7DE4 /* Debug */ = {
			isa = XCBuildConfiguration;
			buildSettings = {
				ALWAYS_SEARCH_USER_PATHS = NO;
				CLANG_CXX_LANGUAGE_STANDARD = "gnu++0x";
				CLANG_CXX_LIBRARY = "libc++";
				CLANG_ENABLE_MODULES = YES;
				CLANG_ENABLE_OBJC_ARC = YES;
				CLANG_WARN_BOOL_CONVERSION = YES;
				CLANG_WARN_CONSTANT_CONVERSION = YES;
				CLANG_WARN_DIRECT_OBJC_ISA_USAGE = YES_ERROR;
				CLANG_WARN_EMPTY_BODY = YES;
				CLANG_WARN_ENUM_CONVERSION = YES;
				CLANG_WARN_INT_CONVERSION = YES;
				CLANG_WARN_OBJC_ROOT_CLASS = YES_ERROR;
				CLANG_WARN_UNREACHABLE_CODE = YES;
				CLANG_WARN__DUPLICATE_METHOD_MATCH = YES;
				"CODE_SIGN_IDENTITY[sdk=iphoneos*]" = "iPhone Developer";
				COPY_PHASE_STRIP = NO;
				ENABLE_STRICT_OBJC_MSGSEND = YES;
				GCC_C_LANGUAGE_STANDARD = gnu99;
				GCC_DYNAMIC_NO_PIC = NO;
				GCC_OPTIMIZATION_LEVEL = 0;
				GCC_PREPROCESSOR_DEFINITIONS = (
					"DEBUG=1",
					"$(inherited)",
				);
				GCC_SYMBOLS_PRIVATE_EXTERN = NO;
				GCC_WARN_64_TO_32_BIT_CONVERSION = YES;
				GCC_WARN_ABOUT_RETURN_TYPE = YES_ERROR;
				GCC_WARN_UNDECLARED_SELECTOR = YES;
				GCC_WARN_UNINITIALIZED_AUTOS = YES_AGGRESSIVE;
				GCC_WARN_UNUSED_FUNCTION = YES;
				GCC_WARN_UNUSED_VARIABLE = YES;
				IPHONEOS_DEPLOYMENT_TARGET = 8.2;
				MTL_ENABLE_DEBUG_INFO = YES;
				ONLY_ACTIVE_ARCH = YES;
				SDKROOT = iphoneos;
				SWIFT_OPTIMIZATION_LEVEL = "-Onone";
			};
			name = Debug;
		};
		1BDA4D441AC262FF00CD7DE4 /* Release */ = {
			isa = XCBuildConfiguration;
			buildSettings = {
				ALWAYS_SEARCH_USER_PATHS = NO;
				CLANG_CXX_LANGUAGE_STANDARD = "gnu++0x";
				CLANG_CXX_LIBRARY = "libc++";
				CLANG_ENABLE_MODULES = YES;
				CLANG_ENABLE_OBJC_ARC = YES;
				CLANG_WARN_BOOL_CONVERSION = YES;
				CLANG_WARN_CONSTANT_CONVERSION = YES;
				CLANG_WARN_DIRECT_OBJC_ISA_USAGE = YES_ERROR;
				CLANG_WARN_EMPTY_BODY = YES;
				CLANG_WARN_ENUM_CONVERSION = YES;
				CLANG_WARN_INT_CONVERSION = YES;
				CLANG_WARN_OBJC_ROOT_CLASS = YES_ERROR;
				CLANG_WARN_UNREACHABLE_CODE = YES;
				CLANG_WARN__DUPLICATE_METHOD_MATCH = YES;
				"CODE_SIGN_IDENTITY[sdk=iphoneos*]" = "iPhone Developer";
				COPY_PHASE_STRIP = NO;
				ENABLE_NS_ASSERTIONS = NO;
				ENABLE_STRICT_OBJC_MSGSEND = YES;
				GCC_C_LANGUAGE_STANDARD = gnu99;
				GCC_WARN_64_TO_32_BIT_CONVERSION = YES;
				GCC_WARN_ABOUT_RETURN_TYPE = YES_ERROR;
				GCC_WARN_UNDECLARED_SELECTOR = YES;
				GCC_WARN_UNINITIALIZED_AUTOS = YES_AGGRESSIVE;
				GCC_WARN_UNUSED_FUNCTION = YES;
				GCC_WARN_UNUSED_VARIABLE = YES;
				IPHONEOS_DEPLOYMENT_TARGET = 8.2;
				MTL_ENABLE_DEBUG_INFO = NO;
				SDKROOT = iphoneos;
				VALIDATE_PRODUCT = YES;
			};
			name = Release;
		};
		1BDA4D461AC262FF00CD7DE4 /* Debug */ = {
			isa = XCBuildConfiguration;
			buildSettings = {
				ASSETCATALOG_COMPILER_APPICON_NAME = AppIcon;
				INFOPLIST_FILE = "iBeacon-Test-CLL/Info.plist";
				LD_RUNPATH_SEARCH_PATHS = "$(inherited) @executable_path/Frameworks";
				PRODUCT_NAME = "$(TARGET_NAME)";
				TARGETED_DEVICE_FAMILY = 1;
			};
			name = Debug;
		};
		1BDA4D471AC262FF00CD7DE4 /* Release */ = {
			isa = XCBuildConfiguration;
			buildSettings = {
				ASSETCATALOG_COMPILER_APPICON_NAME = AppIcon;
				INFOPLIST_FILE = "iBeacon-Test-CLL/Info.plist";
				LD_RUNPATH_SEARCH_PATHS = "$(inherited) @executable_path/Frameworks";
				PRODUCT_NAME = "$(TARGET_NAME)";
				TARGETED_DEVICE_FAMILY = 1;
			};
			name = Release;
		};
		1BDA4D491AC262FF00CD7DE4 /* Debug */ = {
			isa = XCBuildConfiguration;
			buildSettings = {
				BUNDLE_LOADER = "$(TEST_HOST)";
				FRAMEWORK_SEARCH_PATHS = (
					"$(SDKROOT)/Developer/Library/Frameworks",
					"$(inherited)",
				);
				GCC_PREPROCESSOR_DEFINITIONS = (
					"DEBUG=1",
					"$(inherited)",
				);
				INFOPLIST_FILE = "iBeacon-Test-CLLTests/Info.plist";
				LD_RUNPATH_SEARCH_PATHS = "$(inherited) @executable_path/Frameworks @loader_path/Frameworks";
				PRODUCT_NAME = "$(TARGET_NAME)";
				TEST_HOST = "$(BUILT_PRODUCTS_DIR)/iBeacon-Test-CLL.app/iBeacon-Test-CLL";
			};
			name = Debug;
		};
		1BDA4D4A1AC262FF00CD7DE4 /* Release */ = {
			isa = XCBuildConfiguration;
			buildSettings = {
				BUNDLE_LOADER = "$(TEST_HOST)";
				FRAMEWORK_SEARCH_PATHS = (
					"$(SDKROOT)/Developer/Library/Frameworks",
					"$(inherited)",
				);
				INFOPLIST_FILE = "iBeacon-Test-CLLTests/Info.plist";
				LD_RUNPATH_SEARCH_PATHS = "$(inherited) @executable_path/Frameworks @loader_path/Frameworks";
				PRODUCT_NAME = "$(TARGET_NAME)";
				TEST_HOST = "$(BUILT_PRODUCTS_DIR)/iBeacon-Test-CLL.app/iBeacon-Test-CLL";
			};
			name = Release;
		};
/* End XCBuildConfiguration section */

/* Begin XCConfigurationList section */
		1BDA4D211AC262FF00CD7DE4 /* Build configuration list for PBXProject "iBeacon-Test-CLL" */ = {
			isa = XCConfigurationList;
			buildConfigurations = (
				1BDA4D431AC262FF00CD7DE4 /* Debug */,
				1BDA4D441AC262FF00CD7DE4 /* Release */,
			);
			defaultConfigurationIsVisible = 0;
			defaultConfigurationName = Release;
		};
		1BDA4D451AC262FF00CD7DE4 /* Build configuration list for PBXNativeTarget "iBeacon-Test-CLL" */ = {
			isa = XCConfigurationList;
			buildConfigurations = (
				1BDA4D461AC262FF00CD7DE4 /* Debug */,
				1BDA4D471AC262FF00CD7DE4 /* Release */,
			);
			defaultConfigurationIsVisible = 0;
			defaultConfigurationName = Release;
		};
		1BDA4D481AC262FF00CD7DE4 /* Build configuration list for PBXNativeTarget "iBeacon-Test-CLLTests" */ = {
			isa = XCConfigurationList;
			buildConfigurations = (
				1BDA4D491AC262FF00CD7DE4 /* Debug */,
				1BDA4D4A1AC262FF00CD7DE4 /* Release */,
			);
			defaultConfigurationIsVisible = 0;
			defaultConfigurationName = Release;
		};
/* End XCConfigurationList section */
	};
	rootObject = 1BDA4D1E1AC262FF00CD7DE4 /* Project object */;
}
